# This file is automatically @generated by Cargo.
# It is not intended for manual editing.
version = 3

[[package]]
name = "coredump"
version = "0.1.2"
source = "registry+https://github.com/rust-lang/crates.io-index"
checksum = "c7b12ca865ce2c375a629bc88221bdcdfaf9bdf6d8e966d7a6dbd2f6c4ceb335"
dependencies = [
 "libc",
]

[[package]]
name = "crash"
version = "1.0.0-alpha"
dependencies = [
 "coredump",
 "rlimit",
]

[[package]]
name = "libc"
version = "0.2.147"
source = "registry+https://github.com/rust-lang/crates.io-index"
checksum = "b4668fb0ea861c1df094127ac5f1da3409a82116a4ba74fca2e58ef927159bb3"

[[package]]
name = "rlimit"
version = "0.10.0"
source = "registry+https://github.com/rust-lang/crates.io-index"
checksum = "9b5b8be0bc0ef630d24f8fa836b3a3463479b2343b29f9a8fa905c71a8c7b69b"
dependencies = [
 "libc",
]
