# This file is automatically @generated by Poetry 1.5.1 and should not be changed by hand.

[[package]]
name = "googleapis-common-protos"
version = "1.60.0"
description = "Common protobufs used in Google APIs"
optional = false
python-versions = ">=3.7"
files = [
    {file = "googleapis-common-protos-1.60.0.tar.gz", hash = "sha256:e73ebb404098db405ba95d1e1ae0aa91c3e15a71da031a2eeb6b2e23e7bc3708"},
    {file = "googleapis_common_protos-1.60.0-py2.py3-none-any.whl", hash = "sha256:69f9bbcc6acde92cab2db95ce30a70bd2b81d20b12eff3f1aabaffcbe8a93918"},
]

[package.dependencies]
protobuf = ">=3.19.5,<3.20.0 || >3.20.0,<3.20.1 || >3.20.1,<4.21.1 || >4.21.1,<4.21.2 || >4.21.2,<4.21.3 || >4.21.3,<4.21.4 || >4.21.4,<4.21.5 || >4.21.5,<5.0.0.dev0"

[package.extras]
grpc = ["grpcio (>=1.44.0,<2.0.0.dev0)"]

[[package]]
name = "grpcio"
version = "1.56.2"
description = "HTTP/2-based RPC framework"
optional = false
python-versions = ">=3.7"
files = [
    {file = "grpcio-1.56.2-cp310-cp310-linux_armv7l.whl", hash = "sha256:bf0b9959e673505ee5869950642428046edb91f99942607c2ecf635f8a4b31c9"},
    {file = "grpcio-1.56.2-cp310-cp310-macosx_12_0_universal2.whl", hash = "sha256:5144feb20fe76e73e60c7d73ec3bf54f320247d1ebe737d10672480371878b48"},
    {file = "grpcio-1.56.2-cp310-cp310-manylinux_2_17_aarch64.whl", hash = "sha256:a72797549935c9e0b9bc1def1768c8b5a709538fa6ab0678e671aec47ebfd55e"},
    {file = "grpcio-1.56.2-cp310-cp310-manylinux_2_17_i686.manylinux2014_i686.whl", hash = "sha256:c3f3237a57e42f79f1e560726576aedb3a7ef931f4e3accb84ebf6acc485d316"},
    {file = "grpcio-1.56.2-cp310-cp310-manylinux_2_17_x86_64.manylinux2014_x86_64.whl", hash = "sha256:900bc0096c2ca2d53f2e5cebf98293a7c32f532c4aeb926345e9747452233950"},
    {file = "grpcio-1.56.2-cp310-cp310-musllinux_1_1_i686.whl", hash = "sha256:97e0efaebbfd222bcaac2f1735c010c1d3b167112d9d237daebbeedaaccf3d1d"},
    {file = "grpcio-1.56.2-cp310-cp310-musllinux_1_1_x86_64.whl", hash = "sha256:c0c85c5cbe8b30a32fa6d802588d55ffabf720e985abe9590c7c886919d875d4"},
    {file = "grpcio-1.56.2-cp310-cp310-win32.whl", hash = "sha256:06e84ad9ae7668a109e970c7411e7992751a116494cba7c4fb877656527f9a57"},
    {file = "grpcio-1.56.2-cp310-cp310-win_amd64.whl", hash = "sha256:10954662f77dc36c9a1fb5cc4a537f746580d6b5734803be1e587252682cda8d"},
    {file = "grpcio-1.56.2-cp311-cp311-linux_armv7l.whl", hash = "sha256:c435f5ce1705de48e08fcbcfaf8aee660d199c90536e3e06f2016af7d6a938dd"},
    {file = "grpcio-1.56.2-cp311-cp311-macosx_10_10_universal2.whl", hash = "sha256:6108e5933eb8c22cd3646e72d5b54772c29f57482fd4c41a0640aab99eb5071d"},
    {file = "grpcio-1.56.2-cp311-cp311-manylinux_2_17_aarch64.whl", hash = "sha256:8391cea5ce72f4a12368afd17799474015d5d3dc00c936a907eb7c7eaaea98a5"},
    {file = "grpcio-1.56.2-cp311-cp311-manylinux_2_17_i686.manylinux2014_i686.whl", hash = "sha256:750de923b456ca8c0f1354d6befca45d1f3b3a789e76efc16741bd4132752d95"},
    {file = "grpcio-1.56.2-cp311-cp311-manylinux_2_17_x86_64.manylinux2014_x86_64.whl", hash = "sha256:fda2783c12f553cdca11c08e5af6eecbd717280dc8fbe28a110897af1c15a88c"},
    {file = "grpcio-1.56.2-cp311-cp311-musllinux_1_1_i686.whl", hash = "sha256:9e04d4e4cfafa7c5264e535b5d28e786f0571bea609c3f0aaab13e891e933e9c"},
    {file = "grpcio-1.56.2-cp311-cp311-musllinux_1_1_x86_64.whl", hash = "sha256:89a49cc5ad08a38b6141af17e00d1dd482dc927c7605bc77af457b5a0fca807c"},
    {file = "grpcio-1.56.2-cp311-cp311-win32.whl", hash = "sha256:6a007a541dff984264981fbafeb052bfe361db63578948d857907df9488d8774"},
    {file = "grpcio-1.56.2-cp311-cp311-win_amd64.whl", hash = "sha256:af4063ef2b11b96d949dccbc5a987272f38d55c23c4c01841ea65a517906397f"},
    {file = "grpcio-1.56.2-cp37-cp37m-linux_armv7l.whl", hash = "sha256:a6ff459dac39541e6a2763a4439c4ca6bc9ecb4acc05a99b79246751f9894756"},
    {file = "grpcio-1.56.2-cp37-cp37m-macosx_10_10_universal2.whl", hash = "sha256:f20fd21f7538f8107451156dd1fe203300b79a9ddceba1ee0ac8132521a008ed"},
    {file = "grpcio-1.56.2-cp37-cp37m-manylinux_2_17_aarch64.whl", hash = "sha256:d1fbad1f9077372b6587ec589c1fc120b417b6c8ad72d3e3cc86bbbd0a3cee93"},
    {file = "grpcio-1.56.2-cp37-cp37m-manylinux_2_17_i686.manylinux2014_i686.whl", hash = "sha256:6ee26e9dfb3996aff7c870f09dc7ad44a5f6732b8bdb5a5f9905737ac6fd4ef1"},
    {file = "grpcio-1.56.2-cp37-cp37m-manylinux_2_17_x86_64.manylinux2014_x86_64.whl", hash = "sha256:a4c60abd950d6de3e4f1ddbc318075654d275c29c846ab6a043d6ed2c52e4c8c"},
    {file = "grpcio-1.56.2-cp37-cp37m-musllinux_1_1_i686.whl", hash = "sha256:1c31e52a04e62c8577a7bf772b3e7bed4df9c9e0dd90f92b6ffa07c16cab63c9"},
    {file = "grpcio-1.56.2-cp37-cp37m-musllinux_1_1_x86_64.whl", hash = "sha256:345356b307cce5d14355e8e055b4ca5f99bc857c33a3dc1ddbc544fca9cd0475"},
    {file = "grpcio-1.56.2-cp37-cp37m-win_amd64.whl", hash = "sha256:42e63904ee37ae46aa23de50dac8b145b3596f43598fa33fe1098ab2cbda6ff5"},
    {file = "grpcio-1.56.2-cp38-cp38-linux_armv7l.whl", hash = "sha256:7c5ede2e2558f088c49a1ddda19080e4c23fb5d171de80a726b61b567e3766ed"},
    {file = "grpcio-1.56.2-cp38-cp38-macosx_10_10_universal2.whl", hash = "sha256:33971197c47965cc1d97d78d842163c283e998223b151bab0499b951fd2c0b12"},
    {file = "grpcio-1.56.2-cp38-cp38-manylinux_2_17_aarch64.whl", hash = "sha256:d39f5d4af48c138cb146763eda14eb7d8b3ccbbec9fe86fb724cd16e0e914c64"},
    {file = "grpcio-1.56.2-cp38-cp38-manylinux_2_17_i686.manylinux2014_i686.whl", hash = "sha256:ded637176addc1d3eef35331c39acc598bac550d213f0a1bedabfceaa2244c87"},
    {file = "grpcio-1.56.2-cp38-cp38-manylinux_2_17_x86_64.manylinux2014_x86_64.whl", hash = "sha256:c90da4b124647547a68cf2f197174ada30c7bb9523cb976665dfd26a9963d328"},
    {file = "grpcio-1.56.2-cp38-cp38-musllinux_1_1_i686.whl", hash = "sha256:3ccb621749a81dc7755243665a70ce45536ec413ef5818e013fe8dfbf5aa497b"},
    {file = "grpcio-1.56.2-cp38-cp38-musllinux_1_1_x86_64.whl", hash = "sha256:4eb37dd8dd1aa40d601212afa27ca5be255ba792e2e0b24d67b8af5e012cdb7d"},
    {file = "grpcio-1.56.2-cp38-cp38-win32.whl", hash = "sha256:ddb4a6061933bd9332b74eac0da25f17f32afa7145a33a0f9711ad74f924b1b8"},
    {file = "grpcio-1.56.2-cp38-cp38-win_amd64.whl", hash = "sha256:8940d6de7068af018dfa9a959a3510e9b7b543f4c405e88463a1cbaa3b2b379a"},
    {file = "grpcio-1.56.2-cp39-cp39-linux_armv7l.whl", hash = "sha256:51173e8fa6d9a2d85c14426bdee5f5c4a0654fd5fddcc21fe9d09ab0f6eb8b35"},
    {file = "grpcio-1.56.2-cp39-cp39-macosx_10_10_universal2.whl", hash = "sha256:373b48f210f43327a41e397391715cd11cfce9ded2fe76a5068f9bacf91cc226"},
    {file = "grpcio-1.56.2-cp39-cp39-manylinux_2_17_aarch64.whl", hash = "sha256:42a3bbb2bc07aef72a7d97e71aabecaf3e4eb616d39e5211e2cfe3689de860ca"},
    {file = "grpcio-1.56.2-cp39-cp39-manylinux_2_17_i686.manylinux2014_i686.whl", hash = "sha256:5344be476ac37eb9c9ad09c22f4ea193c1316bf074f1daf85bddb1b31fda5116"},
    {file = "grpcio-1.56.2-cp39-cp39-manylinux_2_17_x86_64.manylinux2014_x86_64.whl", hash = "sha256:c3fa3ab0fb200a2c66493828ed06ccd1a94b12eddbfb985e7fd3e5723ff156c6"},
    {file = "grpcio-1.56.2-cp39-cp39-musllinux_1_1_i686.whl", hash = "sha256:b975b85d1d5efc36cf8b237c5f3849b64d1ba33d6282f5e991f28751317504a1"},
    {file = "grpcio-1.56.2-cp39-cp39-musllinux_1_1_x86_64.whl", hash = "sha256:cbdf2c498e077282cd427cfd88bdce4668019791deef0be8155385ab2ba7837f"},
    {file = "grpcio-1.56.2-cp39-cp39-win32.whl", hash = "sha256:139f66656a762572ae718fa0d1f2dce47c05e9fbf7a16acd704c354405b97df9"},
    {file = "grpcio-1.56.2-cp39-cp39-win_amd64.whl", hash = "sha256:830215173ad45d670140ff99aac3b461f9be9a6b11bee1a17265aaaa746a641a"},
    {file = "grpcio-1.56.2.tar.gz", hash = "sha256:0ff789ae7d8ddd76d2ac02e7d13bfef6fc4928ac01e1dcaa182be51b6bcc0aaa"},
]

[package.extras]
protobuf = ["grpcio-tools (>=1.56.2)"]

[[package]]
name = "grpcio-status"
version = "1.56.2"
description = "Status proto mapping for gRPC"
optional = false
python-versions = ">=3.6"
files = [
    {file = "grpcio-status-1.56.2.tar.gz", hash = "sha256:a046b2c0118df4a5687f4585cca9d3c3bae5c498c4dff055dcb43fb06a1180c8"},
    {file = "grpcio_status-1.56.2-py3-none-any.whl", hash = "sha256:63f3842867735f59f5d70e723abffd2e8501a6bcd915612a1119e52f10614782"},
]

[package.dependencies]
googleapis-common-protos = ">=1.5.5"
grpcio = ">=1.56.2"
protobuf = ">=4.21.6"

[[package]]
name = "numpy"
version = "1.25.2"
description = "Fundamental package for array computing in Python"
optional = false
python-versions = ">=3.9"
files = [
    {file = "numpy-1.25.2-cp310-cp310-macosx_10_9_x86_64.whl", hash = "sha256:db3ccc4e37a6873045580d413fe79b68e47a681af8db2e046f1dacfa11f86eb3"},
    {file = "numpy-1.25.2-cp310-cp310-macosx_11_0_arm64.whl", hash = "sha256:90319e4f002795ccfc9050110bbbaa16c944b1c37c0baeea43c5fb881693ae1f"},
    {file = "numpy-1.25.2-cp310-cp310-manylinux_2_17_aarch64.manylinux2014_aarch64.whl", hash = "sha256:dfe4a913e29b418d096e696ddd422d8a5d13ffba4ea91f9f60440a3b759b0187"},
    {file = "numpy-1.25.2-cp310-cp310-manylinux_2_17_x86_64.manylinux2014_x86_64.whl", hash = "sha256:f08f2e037bba04e707eebf4bc934f1972a315c883a9e0ebfa8a7756eabf9e357"},
    {file = "numpy-1.25.2-cp310-cp310-musllinux_1_1_x86_64.whl", hash = "sha256:bec1e7213c7cb00d67093247f8c4db156fd03075f49876957dca4711306d39c9"},
    {file = "numpy-1.25.2-cp310-cp310-win32.whl", hash = "sha256:7dc869c0c75988e1c693d0e2d5b26034644399dd929bc049db55395b1379e044"},
    {file = "numpy-1.25.2-cp310-cp310-win_amd64.whl", hash = "sha256:834b386f2b8210dca38c71a6e0f4fd6922f7d3fcff935dbe3a570945acb1b545"},
    {file = "numpy-1.25.2-cp311-cp311-macosx_10_9_x86_64.whl", hash = "sha256:c5462d19336db4560041517dbb7759c21d181a67cb01b36ca109b2ae37d32418"},
    {file = "numpy-1.25.2-cp311-cp311-macosx_11_0_arm64.whl", hash = "sha256:c5652ea24d33585ea39eb6a6a15dac87a1206a692719ff45d53c5282e66d4a8f"},
    {file = "numpy-1.25.2-cp311-cp311-manylinux_2_17_aarch64.manylinux2014_aarch64.whl", hash = "sha256:0d60fbae8e0019865fc4784745814cff1c421df5afee233db6d88ab4f14655a2"},
    {file = "numpy-1.25.2-cp311-cp311-manylinux_2_17_x86_64.manylinux2014_x86_64.whl", hash = "sha256:60e7f0f7f6d0eee8364b9a6304c2845b9c491ac706048c7e8cf47b83123b8dbf"},
    {file = "numpy-1.25.2-cp311-cp311-musllinux_1_1_x86_64.whl", hash = "sha256:bb33d5a1cf360304754913a350edda36d5b8c5331a8237268c48f91253c3a364"},
    {file = "numpy-1.25.2-cp311-cp311-win32.whl", hash = "sha256:5883c06bb92f2e6c8181df7b39971a5fb436288db58b5a1c3967702d4278691d"},
    {file = "numpy-1.25.2-cp311-cp311-win_amd64.whl", hash = "sha256:5c97325a0ba6f9d041feb9390924614b60b99209a71a69c876f71052521d42a4"},
    {file = "numpy-1.25.2-cp39-cp39-macosx_10_9_x86_64.whl", hash = "sha256:b79e513d7aac42ae918db3ad1341a015488530d0bb2a6abcbdd10a3a829ccfd3"},
    {file = "numpy-1.25.2-cp39-cp39-macosx_11_0_arm64.whl", hash = "sha256:eb942bfb6f84df5ce05dbf4b46673ffed0d3da59f13635ea9b926af3deb76926"},
    {file = "numpy-1.25.2-cp39-cp39-manylinux_2_17_aarch64.manylinux2014_aarch64.whl", hash = "sha256:3e0746410e73384e70d286f93abf2520035250aad8c5714240b0492a7302fdca"},
    {file = "numpy-1.25.2-cp39-cp39-manylinux_2_17_x86_64.manylinux2014_x86_64.whl", hash = "sha256:d7806500e4f5bdd04095e849265e55de20d8cc4b661b038957354327f6d9b295"},
    {file = "numpy-1.25.2-cp39-cp39-musllinux_1_1_x86_64.whl", hash = "sha256:8b77775f4b7df768967a7c8b3567e309f617dd5e99aeb886fa14dc1a0791141f"},
    {file = "numpy-1.25.2-cp39-cp39-win32.whl", hash = "sha256:2792d23d62ec51e50ce4d4b7d73de8f67a2fd3ea710dcbc8563a51a03fb07b01"},
    {file = "numpy-1.25.2-cp39-cp39-win_amd64.whl", hash = "sha256:76b4115d42a7dfc5d485d358728cdd8719be33cc5ec6ec08632a5d6fca2ed380"},
    {file = "numpy-1.25.2-pp39-pypy39_pp73-macosx_10_9_x86_64.whl", hash = "sha256:1a1329e26f46230bf77b02cc19e900db9b52f398d6722ca853349a782d4cff55"},
    {file = "numpy-1.25.2-pp39-pypy39_pp73-manylinux_2_17_x86_64.manylinux2014_x86_64.whl", hash = "sha256:4c3abc71e8b6edba80a01a52e66d83c5d14433cbcd26a40c329ec7ed09f37901"},
    {file = "numpy-1.25.2-pp39-pypy39_pp73-win_amd64.whl", hash = "sha256:1b9735c27cea5d995496f46a8b1cd7b408b3f34b6d50459d9ac8fe3a20cc17bf"},
    {file = "numpy-1.25.2.tar.gz", hash = "sha256:fd608e19c8d7c55021dffd43bfe5492fab8cc105cc8986f813f8c3c048b38760"},
]

[[package]]
name = "pandas"
version = "2.0.3"
description = "Powerful data structures for data analysis, time series, and statistics"
optional = false
python-versions = ">=3.8"
files = [
    {file = "pandas-2.0.3-cp310-cp310-macosx_10_9_x86_64.whl", hash = "sha256:e4c7c9f27a4185304c7caf96dc7d91bc60bc162221152de697c98eb0b2648dd8"},
    {file = "pandas-2.0.3-cp310-cp310-macosx_11_0_arm64.whl", hash = "sha256:f167beed68918d62bffb6ec64f2e1d8a7d297a038f86d4aed056b9493fca407f"},
    {file = "pandas-2.0.3-cp310-cp310-manylinux_2_17_aarch64.manylinux2014_aarch64.whl", hash = "sha256:ce0c6f76a0f1ba361551f3e6dceaff06bde7514a374aa43e33b588ec10420183"},
    {file = "pandas-2.0.3-cp310-cp310-manylinux_2_17_x86_64.manylinux2014_x86_64.whl", hash = "sha256:ba619e410a21d8c387a1ea6e8a0e49bb42216474436245718d7f2e88a2f8d7c0"},
    {file = "pandas-2.0.3-cp310-cp310-win32.whl", hash = "sha256:3ef285093b4fe5058eefd756100a367f27029913760773c8bf1d2d8bebe5d210"},
    {file = "pandas-2.0.3-cp310-cp310-win_amd64.whl", hash = "sha256:9ee1a69328d5c36c98d8e74db06f4ad518a1840e8ccb94a4ba86920986bb617e"},
    {file = "pandas-2.0.3-cp311-cp311-macosx_10_9_x86_64.whl", hash = "sha256:b084b91d8d66ab19f5bb3256cbd5ea661848338301940e17f4492b2ce0801fe8"},
    {file = "pandas-2.0.3-cp311-cp311-macosx_11_0_arm64.whl", hash = "sha256:37673e3bdf1551b95bf5d4ce372b37770f9529743d2498032439371fc7b7eb26"},
    {file = "pandas-2.0.3-cp311-cp311-manylinux_2_17_aarch64.manylinux2014_aarch64.whl", hash = "sha256:b9cb1e14fdb546396b7e1b923ffaeeac24e4cedd14266c3497216dd4448e4f2d"},
    {file = "pandas-2.0.3-cp311-cp311-manylinux_2_17_x86_64.manylinux2014_x86_64.whl", hash = "sha256:d9cd88488cceb7635aebb84809d087468eb33551097d600c6dad13602029c2df"},
    {file = "pandas-2.0.3-cp311-cp311-win32.whl", hash = "sha256:694888a81198786f0e164ee3a581df7d505024fbb1f15202fc7db88a71d84ebd"},
    {file = "pandas-2.0.3-cp311-cp311-win_amd64.whl", hash = "sha256:6a21ab5c89dcbd57f78d0ae16630b090eec626360085a4148693def5452d8a6b"},
    {file = "pandas-2.0.3-cp38-cp38-macosx_10_9_x86_64.whl", hash = "sha256:9e4da0d45e7f34c069fe4d522359df7d23badf83abc1d1cef398895822d11061"},
    {file = "pandas-2.0.3-cp38-cp38-macosx_11_0_arm64.whl", hash = "sha256:32fca2ee1b0d93dd71d979726b12b61faa06aeb93cf77468776287f41ff8fdc5"},
    {file = "pandas-2.0.3-cp38-cp38-manylinux_2_17_aarch64.manylinux2014_aarch64.whl", hash = "sha256:258d3624b3ae734490e4d63c430256e716f488c4fcb7c8e9bde2d3aa46c29089"},
    {file = "pandas-2.0.3-cp38-cp38-manylinux_2_17_x86_64.manylinux2014_x86_64.whl", hash = "sha256:9eae3dc34fa1aa7772dd3fc60270d13ced7346fcbcfee017d3132ec625e23bb0"},
    {file = "pandas-2.0.3-cp38-cp38-win32.whl", hash = "sha256:f3421a7afb1a43f7e38e82e844e2bca9a6d793d66c1a7f9f0ff39a795bbc5e02"},
    {file = "pandas-2.0.3-cp38-cp38-win_amd64.whl", hash = "sha256:69d7f3884c95da3a31ef82b7618af5710dba95bb885ffab339aad925c3e8ce78"},
    {file = "pandas-2.0.3-cp39-cp39-macosx_10_9_x86_64.whl", hash = "sha256:5247fb1ba347c1261cbbf0fcfba4a3121fbb4029d95d9ef4dc45406620b25c8b"},
    {file = "pandas-2.0.3-cp39-cp39-macosx_11_0_arm64.whl", hash = "sha256:81af086f4543c9d8bb128328b5d32e9986e0c84d3ee673a2ac6fb57fd14f755e"},
    {file = "pandas-2.0.3-cp39-cp39-manylinux_2_17_aarch64.manylinux2014_aarch64.whl", hash = "sha256:1994c789bf12a7c5098277fb43836ce090f1073858c10f9220998ac74f37c69b"},
    {file = "pandas-2.0.3-cp39-cp39-manylinux_2_17_x86_64.manylinux2014_x86_64.whl", hash = "sha256:5ec591c48e29226bcbb316e0c1e9423622bc7a4eaf1ef7c3c9fa1a3981f89641"},
    {file = "pandas-2.0.3-cp39-cp39-win32.whl", hash = "sha256:04dbdbaf2e4d46ca8da896e1805bc04eb85caa9a82e259e8eed00254d5e0c682"},
    {file = "pandas-2.0.3-cp39-cp39-win_amd64.whl", hash = "sha256:1168574b036cd8b93abc746171c9b4f1b83467438a5e45909fed645cf8692dbc"},
    {file = "pandas-2.0.3.tar.gz", hash = "sha256:c02f372a88e0d17f36d3093a644c73cfc1788e876a7c4bcb4020a77512e2043c"},
]

[package.dependencies]
numpy = [
    {version = ">=1.21.0", markers = "python_version >= \"3.10\""},
    {version = ">=1.23.2", markers = "python_version >= \"3.11\""},
]
python-dateutil = ">=2.8.2"
pytz = ">=2020.1"
tzdata = ">=2022.1"

[package.extras]
all = ["PyQt5 (>=5.15.1)", "SQLAlchemy (>=1.4.16)", "beautifulsoup4 (>=4.9.3)", "bottleneck (>=1.3.2)", "brotlipy (>=0.7.0)", "fastparquet (>=0.6.3)", "fsspec (>=2021.07.0)", "gcsfs (>=2021.07.0)", "html5lib (>=1.1)", "hypothesis (>=6.34.2)", "jinja2 (>=3.0.0)", "lxml (>=4.6.3)", "matplotlib (>=3.6.1)", "numba (>=0.53.1)", "numexpr (>=2.7.3)", "odfpy (>=1.4.1)", "openpyxl (>=3.0.7)", "pandas-gbq (>=0.15.0)", "psycopg2 (>=2.8.6)", "pyarrow (>=7.0.0)", "pymysql (>=1.0.2)", "pyreadstat (>=1.1.2)", "pytest (>=7.3.2)", "pytest-asyncio (>=0.17.0)", "pytest-xdist (>=2.2.0)", "python-snappy (>=0.6.0)", "pyxlsb (>=1.0.8)", "qtpy (>=2.2.0)", "s3fs (>=2021.08.0)", "scipy (>=1.7.1)", "tables (>=3.6.1)", "tabulate (>=0.8.9)", "xarray (>=0.21.0)", "xlrd (>=2.0.1)", "xlsxwriter (>=1.4.3)", "zstandard (>=0.15.2)"]
aws = ["s3fs (>=2021.08.0)"]
clipboard = ["PyQt5 (>=5.15.1)", "qtpy (>=2.2.0)"]
compression = ["brotlipy (>=0.7.0)", "python-snappy (>=0.6.0)", "zstandard (>=0.15.2)"]
computation = ["scipy (>=1.7.1)", "xarray (>=0.21.0)"]
excel = ["odfpy (>=1.4.1)", "openpyxl (>=3.0.7)", "pyxlsb (>=1.0.8)", "xlrd (>=2.0.1)", "xlsxwriter (>=1.4.3)"]
feather = ["pyarrow (>=7.0.0)"]
fss = ["fsspec (>=2021.07.0)"]
gcp = ["gcsfs (>=2021.07.0)", "pandas-gbq (>=0.15.0)"]
hdf5 = ["tables (>=3.6.1)"]
html = ["beautifulsoup4 (>=4.9.3)", "html5lib (>=1.1)", "lxml (>=4.6.3)"]
mysql = ["SQLAlchemy (>=1.4.16)", "pymysql (>=1.0.2)"]
output-formatting = ["jinja2 (>=3.0.0)", "tabulate (>=0.8.9)"]
parquet = ["pyarrow (>=7.0.0)"]
performance = ["bottleneck (>=1.3.2)", "numba (>=0.53.1)", "numexpr (>=2.7.1)"]
plot = ["matplotlib (>=3.6.1)"]
postgresql = ["SQLAlchemy (>=1.4.16)", "psycopg2 (>=2.8.6)"]
spss = ["pyreadstat (>=1.1.2)"]
sql-other = ["SQLAlchemy (>=1.4.16)"]
test = ["hypothesis (>=6.34.2)", "pytest (>=7.3.2)", "pytest-asyncio (>=0.17.0)", "pytest-xdist (>=2.2.0)"]
xml = ["lxml (>=4.6.3)"]

[[package]]
name = "protobuf"
version = "4.24.0"
description = ""
optional = false
python-versions = ">=3.7"
files = [
    {file = "protobuf-4.24.0-cp310-abi3-win32.whl", hash = "sha256:81cb9c4621d2abfe181154354f63af1c41b00a4882fb230b4425cbaed65e8f52"},
    {file = "protobuf-4.24.0-cp310-abi3-win_amd64.whl", hash = "sha256:6c817cf4a26334625a1904b38523d1b343ff8b637d75d2c8790189a4064e51c3"},
    {file = "protobuf-4.24.0-cp37-abi3-macosx_10_9_universal2.whl", hash = "sha256:ae97b5de10f25b7a443b40427033e545a32b0e9dda17bcd8330d70033379b3e5"},
    {file = "protobuf-4.24.0-cp37-abi3-manylinux2014_aarch64.whl", hash = "sha256:567fe6b0647494845d0849e3d5b260bfdd75692bf452cdc9cb660d12457c055d"},
    {file = "protobuf-4.24.0-cp37-abi3-manylinux2014_x86_64.whl", hash = "sha256:a6b1ca92ccabfd9903c0c7dde8876221dc7d8d87ad5c42e095cc11b15d3569c7"},
    {file = "protobuf-4.24.0-cp37-cp37m-win32.whl", hash = "sha256:a38400a692fd0c6944c3c58837d112f135eb1ed6cdad5ca6c5763336e74f1a04"},
    {file = "protobuf-4.24.0-cp37-cp37m-win_amd64.whl", hash = "sha256:5ab19ee50037d4b663c02218a811a5e1e7bb30940c79aac385b96e7a4f9daa61"},
    {file = "protobuf-4.24.0-cp38-cp38-win32.whl", hash = "sha256:e8834ef0b4c88666ebb7c7ec18045aa0f4325481d724daa624a4cf9f28134653"},
    {file = "protobuf-4.24.0-cp38-cp38-win_amd64.whl", hash = "sha256:8bb52a2be32db82ddc623aefcedfe1e0eb51da60e18fcc908fb8885c81d72109"},
    {file = "protobuf-4.24.0-cp39-cp39-win32.whl", hash = "sha256:ae7a1835721086013de193311df858bc12cd247abe4ef9710b715d930b95b33e"},
    {file = "protobuf-4.24.0-cp39-cp39-win_amd64.whl", hash = "sha256:44825e963008f8ea0d26c51911c30d3e82e122997c3c4568fd0385dd7bacaedf"},
    {file = "protobuf-4.24.0-py3-none-any.whl", hash = "sha256:82e6e9ebdd15b8200e8423676eab38b774624d6a1ad696a60d86a2ac93f18201"},
    {file = "protobuf-4.24.0.tar.gz", hash = "sha256:5d0ceb9de6e08311832169e601d1fc71bd8e8c779f3ee38a97a78554945ecb85"},
]

[[package]]
name = "py4j"
version = "0.10.9.7"
description = "Enables Python programs to dynamically access arbitrary Java objects"
optional = false
python-versions = "*"
files = [
    {file = "py4j-0.10.9.7-py2.py3-none-any.whl", hash = "sha256:85defdfd2b2376eb3abf5ca6474b51ab7e0de341c75a02f46dc9b5976f5a5c1b"},
    {file = "py4j-0.10.9.7.tar.gz", hash = "sha256:0b6e5315bb3ada5cf62ac651d107bb2ebc02def3dee9d9548e3baac644ea8dbb"},
]

[[package]]
name = "pyarrow"
version = "12.0.1"
description = "Python library for Apache Arrow"
optional = false
python-versions = ">=3.7"
files = [
    {file = "pyarrow-12.0.1-cp310-cp310-macosx_10_14_x86_64.whl", hash = "sha256:6d288029a94a9bb5407ceebdd7110ba398a00412c5b0155ee9813a40d246c5df"},
    {file = "pyarrow-12.0.1-cp310-cp310-macosx_11_0_arm64.whl", hash = "sha256:345e1828efdbd9aa4d4de7d5676778aba384a2c3add896d995b23d368e60e5af"},
    {file = "pyarrow-12.0.1-cp310-cp310-manylinux_2_17_aarch64.manylinux2014_aarch64.whl", hash = "sha256:8d6009fdf8986332b2169314da482baed47ac053311c8934ac6651e614deacd6"},
    {file = "pyarrow-12.0.1-cp310-cp310-manylinux_2_17_x86_64.manylinux2014_x86_64.whl", hash = "sha256:2d3c4cbbf81e6dd23fe921bc91dc4619ea3b79bc58ef10bce0f49bdafb103daf"},
    {file = "pyarrow-12.0.1-cp310-cp310-win_amd64.whl", hash = "sha256:cdacf515ec276709ac8042c7d9bd5be83b4f5f39c6c037a17a60d7ebfd92c890"},
    {file = "pyarrow-12.0.1-cp311-cp311-macosx_10_14_x86_64.whl", hash = "sha256:749be7fd2ff260683f9cc739cb862fb11be376de965a2a8ccbf2693b098db6c7"},
    {file = "pyarrow-12.0.1-cp311-cp311-macosx_11_0_arm64.whl", hash = "sha256:6895b5fb74289d055c43db3af0de6e16b07586c45763cb5e558d38b86a91e3a7"},
    {file = "pyarrow-12.0.1-cp311-cp311-manylinux_2_17_aarch64.manylinux2014_aarch64.whl", hash = "sha256:1887bdae17ec3b4c046fcf19951e71b6a619f39fa674f9881216173566c8f718"},
    {file = "pyarrow-12.0.1-cp311-cp311-manylinux_2_17_x86_64.manylinux2014_x86_64.whl", hash = "sha256:e2c9cb8eeabbadf5fcfc3d1ddea616c7ce893db2ce4dcef0ac13b099ad7ca082"},
    {file = "pyarrow-12.0.1-cp311-cp311-win_amd64.whl", hash = "sha256:ce4aebdf412bd0eeb800d8e47db854f9f9f7e2f5a0220440acf219ddfddd4f63"},
    {file = "pyarrow-12.0.1-cp37-cp37m-macosx_10_14_x86_64.whl", hash = "sha256:e0d8730c7f6e893f6db5d5b86eda42c0a130842d101992b581e2138e4d5663d3"},
    {file = "pyarrow-12.0.1-cp37-cp37m-manylinux_2_17_aarch64.manylinux2014_aarch64.whl", hash = "sha256:43364daec02f69fec89d2315f7fbfbeec956e0d991cbbef471681bd77875c40f"},
    {file = "pyarrow-12.0.1-cp37-cp37m-manylinux_2_17_x86_64.manylinux2014_x86_64.whl", hash = "sha256:051f9f5ccf585f12d7de836e50965b3c235542cc896959320d9776ab93f3b33d"},
    {file = "pyarrow-12.0.1-cp37-cp37m-win_amd64.whl", hash = "sha256:be2757e9275875d2a9c6e6052ac7957fbbfc7bc7370e4a036a9b893e96fedaba"},
    {file = "pyarrow-12.0.1-cp38-cp38-macosx_10_14_x86_64.whl", hash = "sha256:cf812306d66f40f69e684300f7af5111c11f6e0d89d6b733e05a3de44961529d"},
    {file = "pyarrow-12.0.1-cp38-cp38-macosx_11_0_arm64.whl", hash = "sha256:459a1c0ed2d68671188b2118c63bac91eaef6fc150c77ddd8a583e3c795737bf"},
    {file = "pyarrow-12.0.1-cp38-cp38-manylinux_2_17_aarch64.manylinux2014_aarch64.whl", hash = "sha256:85e705e33eaf666bbe508a16fd5ba27ca061e177916b7a317ba5a51bee43384c"},
    {file = "pyarrow-12.0.1-cp38-cp38-manylinux_2_17_x86_64.manylinux2014_x86_64.whl", hash = "sha256:9120c3eb2b1f6f516a3b7a9714ed860882d9ef98c4b17edcdc91d95b7528db60"},
    {file = "pyarrow-12.0.1-cp38-cp38-win_amd64.whl", hash = "sha256:c780f4dc40460015d80fcd6a6140de80b615349ed68ef9adb653fe351778c9b3"},
    {file = "pyarrow-12.0.1-cp39-cp39-macosx_10_14_x86_64.whl", hash = "sha256:a3c63124fc26bf5f95f508f5d04e1ece8cc23a8b0af2a1e6ab2b1ec3fdc91b24"},
    {file = "pyarrow-12.0.1-cp39-cp39-macosx_11_0_arm64.whl", hash = "sha256:b13329f79fa4472324f8d32dc1b1216616d09bd1e77cfb13104dec5463632c36"},
    {file = "pyarrow-12.0.1-cp39-cp39-manylinux_2_17_aarch64.manylinux2014_aarch64.whl", hash = "sha256:bb656150d3d12ec1396f6dde542db1675a95c0cc8366d507347b0beed96e87ca"},
    {file = "pyarrow-12.0.1-cp39-cp39-manylinux_2_17_x86_64.manylinux2014_x86_64.whl", hash = "sha256:6251e38470da97a5b2e00de5c6a049149f7b2bd62f12fa5dbb9ac674119ba71a"},
    {file = "pyarrow-12.0.1-cp39-cp39-win_amd64.whl", hash = "sha256:3de26da901216149ce086920547dfff5cd22818c9eab67ebc41e863a5883bac7"},
    {file = "pyarrow-12.0.1.tar.gz", hash = "sha256:cce317fc96e5b71107bf1f9f184d5e54e2bd14bbf3f9a3d62819961f0af86fec"},
]

[package.dependencies]
numpy = ">=1.16.6"

[[package]]
name = "pyspark"
version = "3.4.1"
description = "Apache Spark Python API"
optional = false
python-versions = ">=3.7"
files = [
    {file = "pyspark-3.4.1.tar.gz", hash = "sha256:72cd66ab8cf61a75854e5a753f75bea35ee075c3a96f9de4e2a66d02ec7fc652"},
]

[package.dependencies]
googleapis-common-protos = {version = ">=1.56.4", optional = true, markers = "extra == \"connect\""}
grpcio = {version = ">=1.48.1", optional = true, markers = "extra == \"connect\""}
grpcio-status = {version = ">=1.48.1", optional = true, markers = "extra == \"connect\""}
numpy = {version = ">=1.15", optional = true, markers = "extra == \"connect\" or extra == \"sql\""}
pandas = {version = ">=1.0.5", optional = true, markers = "extra == \"connect\" or extra == \"sql\""}
py4j = "0.10.9.7"
pyarrow = {version = ">=1.0.0", optional = true, markers = "extra == \"connect\" or extra == \"sql\""}

[package.extras]
connect = ["googleapis-common-protos (>=1.56.4)", "grpcio (>=1.48.1)", "grpcio-status (>=1.48.1)", "numpy (>=1.15)", "pandas (>=1.0.5)", "pyarrow (>=1.0.0)"]
ml = ["numpy (>=1.15)"]
mllib = ["numpy (>=1.15)"]
pandas-on-spark = ["numpy (>=1.15)", "pandas (>=1.0.5)", "pyarrow (>=1.0.0)"]
sql = ["numpy (>=1.15)", "pandas (>=1.0.5)", "pyarrow (>=1.0.0)"]

[[package]]
name = "python-dateutil"
version = "2.8.2"
description = "Extensions to the standard Python datetime module"
optional = false
python-versions = "!=3.0.*,!=3.1.*,!=3.2.*,>=2.7"
files = [
    {file = "python-dateutil-2.8.2.tar.gz", hash = "sha256:0123cacc1627ae19ddf3c27a5de5bd67ee4586fbdd6440d9748f8abb483d3e86"},
    {file = "python_dateutil-2.8.2-py2.py3-none-any.whl", hash = "sha256:961d03dc3453ebbc59dbdea9e4e11c5651520a876d0f4db161e8674aae935da9"},
]

[package.dependencies]
six = ">=1.5"

[[package]]
name = "pytz"
version = "2023.3"
description = "World timezone definitions, modern and historical"
optional = false
python-versions = "*"
files = [
    {file = "pytz-2023.3-py2.py3-none-any.whl", hash = "sha256:a151b3abb88eda1d4e34a9814df37de2a80e301e68ba0fd856fb9b46bfbbbffb"},
    {file = "pytz-2023.3.tar.gz", hash = "sha256:1d8ce29db189191fb55338ee6d0387d82ab59f3d00eac103412d64e0ebd0c588"},
]

[[package]]
name = "six"
version = "1.16.0"
description = "Python 2 and 3 compatibility utilities"
optional = false
python-versions = ">=2.7, !=3.0.*, !=3.1.*, !=3.2.*"
files = [
    {file = "six-1.16.0-py2.py3-none-any.whl", hash = "sha256:8abb2f1d86890a2dfb989f9a77cfcfd3e47c2a354b01111771326f8aa26e0254"},
    {file = "six-1.16.0.tar.gz", hash = "sha256:1e61c37477a1626458e36f7b1d82aa5c9b094fa4802892072e49de9c60c4c926"},
]

[[package]]
name = "tzdata"
version = "2023.3"
description = "Provider of IANA time zone data"
optional = false
python-versions = ">=2"
files = [
    {file = "tzdata-2023.3-py2.py3-none-any.whl", hash = "sha256:7e65763eef3120314099b6939b5546db7adce1e7d6f2e179e3df563c70511eda"},
    {file = "tzdata-2023.3.tar.gz", hash = "sha256:11ef1e08e54acb0d4f95bdb1be05da659673de4acbd21bf9c69e94cc5e907a3a"},
]

[metadata]
lock-version = "2.0"
python-versions = "^3.11"
content-hash = "419289b35beab928ed8e691e696517bd8b1c093630d90d8d8568c6b9ba1b9f2b"
